PODS:
  - Alamofire (3.3.0)
  - AlamofireObjectMapper (3.0.0):
    - Alamofire (~> 3.2)
    - ObjectMapper (~> 1.0)
  - ObjectMapper (1.2.0)
  - SwiftyJSON (2.3.2)
  - Swinject (1.1.1)
  - XCGLogger (3.3)

DEPENDENCIES:
  - Alamofire (= 3.3.0)
  - AlamofireObjectMapper (= 3.0.0)
  - SwiftyJSON (= 2.3.2)
  - Swinject (= 1.1.1)
  - XCGLogger (= 3.3)

SPEC CHECKSUMS:
  Alamofire: 9054db4a1b1ca9e363223183e01cea380159a27c
  AlamofireObjectMapper: 2d16585d06177be0116d76de73497e77437798af
  ObjectMapper: b1e9c7c8a9f6400b72690c80072c131504caa66f
  SwiftyJSON: 04ccea08915aa0109039157c7974cf0298da292a
  Swinject: 8c1b46e49c604f8c5c1f45f92ef314d3736bbef4
  XCGLogger: d6e196e78940ff6daab17d6917107876f973fa31

COCOAPODS: 0.39.0
